
Microsoft Visual Studio Solution File, Format Version 12.00
# Visual Studio 15
VisualStudioVersion = 15.0.27130.2027
MinimumVisualStudioVersion = 10.0.40219.1
Project("{9A19103F-16F7-4668-BE54-9A1E7A4F7556}") = "ServerlessWiekonek", "ServerlessWiekonek.csproj", "{1C6AE59C-F90B-423A-8C52-791ACDDEA346}"
EndProject
Global
	GlobalSection(SolutionConfigurationPlatforms) = preSolution
		Debug|Any CPU = Debug|Any CPU
		Release|Any CPU = Release|Any CPU
	EndGlobalSection
	GlobalSection(ProjectConfigurationPlatforms) = postSolution
		{1C6AE59C-F90B-423A-8C52-791ACDDEA346}.Debug|Any CPU.ActiveCfg = Debug|Any CPU
		{1C6AE59C-F90B-423A-8C52-791ACDDEA346}.Debug|Any CPU.Build.0 = Debug|Any CPU
		{1C6AE59C-F90B-423A-8C52-791ACDDEA346}.Release|Any CPU.ActiveCfg = Release|Any CPU
		{1C6AE59C-F90B-423A-8C52-791ACDDEA346}.Release|Any CPU.Build.0 = Release|Any CPU
	EndGlobalSection
	GlobalSection(SolutionProperties) = preSolution
		HideSolutionNode = FALSE
	EndGlobalSection
	GlobalSection(ExtensibilityGlobals) = postSolution
		SolutionGuid = {C136B186-3151-468A-A015-26BA8300DD29}
	EndGlobalSection
EndGlobal
